
Microsoft Visual Studio Solution File, Format Version 12.00
# Visual Studio Version 16
VisualStudioVersion = 16.0.32228.343
MinimumVisualStudioVersion = 10.0.40219.1
Project("{FAE04EC0-301F-11D3-BF4B-00C04F79EFBC}") = "Playlist_for_party", "Playlist_for_party\Playlist_for_party.csproj", "{07385D66-9E1C-401C-ACC5-2A1D87175570}"
EndProject
Project("{FAE04EC0-301F-11D3-BF4B-00C04F79EFBC}") = "WebApp_Authentication", "WebApp_Authentication\WebApp_Authentication.csproj", "{351A9797-FD21-4E68-A142-4FC9169D7D76}"
EndProject
Project("{FAE04EC0-301F-11D3-BF4B-00C04F79EFBC}") = "WebApp_Data", "WebApp_Data\WebApp_Data.csproj", "{645F2C77-DFEC-4BFF-9F2F-AC799F9002CD}"
EndProject
Project("{FAE04EC0-301F-11D3-BF4B-00C04F79EFBC}") = "WebApp_Tests", "WebApp_Tests\WebApp_Tests.csproj", "{2E724ACF-38BE-4248-B3B6-58A031C2D060}"
EndProject
Global
	GlobalSection(SolutionConfigurationPlatforms) = preSolution
		Debug|Any CPU = Debug|Any CPU
		Release|Any CPU = Release|Any CPU
	EndGlobalSection
	GlobalSection(ProjectConfigurationPlatforms) = postSolution
		{07385D66-9E1C-401C-ACC5-2A1D87175570}.Debug|Any CPU.ActiveCfg = Debug|Any CPU
		{07385D66-9E1C-401C-ACC5-2A1D87175570}.Debug|Any CPU.Build.0 = Debug|Any CPU
		{07385D66-9E1C-401C-ACC5-2A1D87175570}.Release|Any CPU.ActiveCfg = Release|Any CPU
		{07385D66-9E1C-401C-ACC5-2A1D87175570}.Release|Any CPU.Build.0 = Release|Any CPU
		{351A9797-FD21-4E68-A142-4FC9169D7D76}.Debug|Any CPU.ActiveCfg = Debug|Any CPU
		{351A9797-FD21-4E68-A142-4FC9169D7D76}.Debug|Any CPU.Build.0 = Debug|Any CPU
		{351A9797-FD21-4E68-A142-4FC9169D7D76}.Release|Any CPU.ActiveCfg = Release|Any CPU
		{351A9797-FD21-4E68-A142-4FC9169D7D76}.Release|Any CPU.Build.0 = Release|Any CPU
		{645F2C77-DFEC-4BFF-9F2F-AC799F9002CD}.Debug|Any CPU.ActiveCfg = Debug|Any CPU
		{645F2C77-DFEC-4BFF-9F2F-AC799F9002CD}.Debug|Any CPU.Build.0 = Debug|Any CPU
		{645F2C77-DFEC-4BFF-9F2F-AC799F9002CD}.Release|Any CPU.ActiveCfg = Release|Any CPU
		{645F2C77-DFEC-4BFF-9F2F-AC799F9002CD}.Release|Any CPU.Build.0 = Release|Any CPU
		{2E724ACF-38BE-4248-B3B6-58A031C2D060}.Debug|Any CPU.ActiveCfg = Debug|Any CPU
		{2E724ACF-38BE-4248-B3B6-58A031C2D060}.Debug|Any CPU.Build.0 = Debug|Any CPU
		{2E724ACF-38BE-4248-B3B6-58A031C2D060}.Release|Any CPU.ActiveCfg = Release|Any CPU
		{2E724ACF-38BE-4248-B3B6-58A031C2D060}.Release|Any CPU.Build.0 = Release|Any CPU
	EndGlobalSection
	GlobalSection(SolutionProperties) = preSolution
		HideSolutionNode = FALSE
	EndGlobalSection
	GlobalSection(ExtensibilityGlobals) = postSolution
		SolutionGuid = {002C593C-EAF3-43A4-8E24-CDFA31BE926F}
	EndGlobalSection
EndGlobal
